
Microsoft Visual Studio Solution File, Format Version 12.00
# Visual Studio Version 17
VisualStudioVersion = 17.5.002.0
MinimumVisualStudioVersion = 10.0.40219.1
Project("{9A19103F-16F7-4668-BE54-9A1E7A4F7556}") = "ChessApp", "ChessApp.csproj", "{ED48F836-1878-4596-9DBD-42E8C8EAD3B0}"
EndProject
Global
	GlobalSection(SolutionConfigurationPlatforms) = preSolution
		Debug|Any CPU = Debug|Any CPU
		Release|Any CPU = Release|Any CPU
	EndGlobalSection
	GlobalSection(ProjectConfigurationPlatforms) = postSolution
		{ED48F836-1878-4596-9DBD-42E8C8EAD3B0}.Debug|Any CPU.ActiveCfg = Debug|Any CPU
		{ED48F836-1878-4596-9DBD-42E8C8EAD3B0}.Debug|Any CPU.Build.0 = Debug|Any CPU
		{ED48F836-1878-4596-9DBD-42E8C8EAD3B0}.Release|Any CPU.ActiveCfg = Release|Any CPU
		{ED48F836-1878-4596-9DBD-42E8C8EAD3B0}.Release|Any CPU.Build.0 = Release|Any CPU
	EndGlobalSection
	GlobalSection(SolutionProperties) = preSolution
		HideSolutionNode = FALSE
	EndGlobalSection
	GlobalSection(ExtensibilityGlobals) = postSolution
		SolutionGuid = {477FD99F-16AE-48C1-AA33-C226DDA24FA3}
	EndGlobalSection
EndGlobal
